github.com/anssihalmeaho/funl v0.0.0-20201006153242-89d44f35b7fd/go.mod h1:CxdkogO1mxJmSy6xgenp7R5W23gKBdouhJh9xI2c31Q=
github.com/anssihalmeaho/funl v0.0.0-20210427174152-4e44f09b231d h1:DzO+EfXaQfR1eMz/pltSGXeSdTQ+50Mc8h/Tp7OvMUI=
github.com/anssihalmeaho/funl v0.0.0-20210427174152-4e44f09b231d/go.mod h1:CxdkogO1mxJmSy6xgenp7R5W23gKBdouhJh9xI2c31Q=
github.com/anssihalmeaho/fuvaluez v0.0.0-20210105155500-ad21731bc5e5 h1:sFtJnRKCyLFEsQ3EzYi2FAs3ZwJbHpKq14wk7hwVxdU=
github.com/anssihalmeaho/fuvaluez v0.0.0-20210105155500-ad21731bc5e5/go.mod h1:iKcKpdT/QjxMGV70CNbMKaA7fFY9LdT9wqv4yrSgLU0=
go.etcd.io/bbolt v1.3.5 h1:XAzx9gjCb0Rxj7EoqcClPD1d5ZBxZJk0jbuoPHenBt0=
go.etcd.io/bbolt v1.3.5/go.mod h1:G5EMThwa9y8QZGBClrRx5EY+Yw9kAhnjy3bSjsnlVTQ=
golang.org/x/sys v0.0.0-20200202164722-d101bd2416d5 h1:LfCXLvNmTYH9kEmVgqbnsWfruoXZIrh4YBgqVHtDvw0=
golang.org/x/sys v0.0.0-20200202164722-d101bd2416d5/go.mod h1:h1NjWce9XRLGQEsW7wpKNCjG9DtNlClVuFLEZdDNbEs=
